
Microsoft Visual Studio Solution File, Format Version 12.00
Project("{FAE04EC0-301F-11D3-BF4B-00C04F79EFBC}") = "Erdogan_Backend", "Erdogan_Backend\Erdogan_Backend.csproj", "{D7353305-3294-40BB-84E8-FA3FC273D2F6}"
EndProject
Global
	GlobalSection(SolutionConfigurationPlatforms) = preSolution
		Debug|Any CPU = Debug|Any CPU
		Release|Any CPU = Release|Any CPU
	EndGlobalSection
	GlobalSection(ProjectConfigurationPlatforms) = postSolution
		{D7353305-3294-40BB-84E8-FA3FC273D2F6}.Debug|Any CPU.ActiveCfg = Debug|Any CPU
		{D7353305-3294-40BB-84E8-FA3FC273D2F6}.Debug|Any CPU.Build.0 = Debug|Any CPU
		{D7353305-3294-40BB-84E8-FA3FC273D2F6}.Release|Any CPU.ActiveCfg = Release|Any CPU
		{D7353305-3294-40BB-84E8-FA3FC273D2F6}.Release|Any CPU.Build.0 = Release|Any CPU
	EndGlobalSection
EndGlobal
